name: Sigmesh BLE lock
products:
  - id: hq8p0gzw
    name: Sigmesh TF9
primary_entity:
  entity: lock
  dps:
    - id: 12
      type: integer
      name: unlock_fingerprint
      persist: false
      optional: true
    - id: 19
      type: integer
      name: unlock_ble
      persist: false
      optional: true
